{
  "name": "leetcodeboard",
  "version": "1.0.0",
  "lockfileVersion": 1,
  "requires": true,
  "dependencies": {
    "adm-zip": {
      "version": "0.5.10",
      "resolved": "https://registry.npmjs.org/adm-zip/-/adm-zip-0.5.10.tgz",
      "integrity": "sha512-x0HvcHqVJNTPk/Bw8JbLWlWoo6Wwnsug0fnYYro1HBrjxZ3G7/AZk7Ahv8JwDe1uIcz8eBqvu86FuF1POiG7vQ=="
    },
    "bootstrap-icons": {
      "version": "1.10.5",
      "resolved": "https://registry.npmjs.org/bootstrap-icons/-/bootstrap-icons-1.10.5.tgz",
      "integrity": "sha512-oSX26F37V7QV7NCE53PPEL45d7EGXmBgHG3pDpZvcRaKVzWMqIRL9wcqJUyEha1esFtM3NJzvmxFXDxjJYD0jQ=="
    },
    "datatables.net-editor": {
      "version": "2.2.2",
      "resolved": "https://registry.npmjs.org/datatables.net-editor/-/datatables.net-editor-2.2.2.tgz",
      "integrity": "sha512-jvx0gVEyLe9OX3+uzCjvCzTgzzv2y0X4bKJuqayAiEJ9yCbzouoj18zAdvj2go+3DA1ClhN9QXQSbwR3F7tOmg==",
      "requires": {
        "adm-zip": "^0.5.0"
      }
    }
  }
}
